// !$*UTF8*$!
{
	archiveVersion = 1;
	classes = {
	};
	objectVersion = 50;
	objects = {

/* Begin PBXBuildFile section */
		106C3EE2738119B6A43007C5 /* Pods_Fameet.framework in Frameworks */ = {isa = PBXBuildFile; fileRef = 5A2C865C8F0FB3054E78F110 /* Pods_Fameet.framework */; };
		532F54112215A53D00B02FA4 /* UserProfileVC.swift in Sources */ = {isa = PBXBuildFile; fileRef = 532F54102215A53D00B02FA4 /* UserProfileVC.swift */; };
		532F54172216B95700B02FA4 /* SignUpVC.swift in Sources */ = {isa = PBXBuildFile; fileRef = 532F54162216B95700B02FA4 /* SignUpVC.swift */; };
		532F54192216F2BB00B02FA4 /* NotificationVC.swift in Sources */ = {isa = PBXBuildFile; fileRef = 532F54182216F2BB00B02FA4 /* NotificationVC.swift */; };
		532F541B2216F4B700B02FA4 /* Author Credits in Resources */ = {isa = PBXBuildFile; fileRef = 532F541A2216F4B700B02FA4 /* Author Credits */; };
		532F5421221AA31900B02FA4 /* GoogleService-Info.plist in Resources */ = {isa = PBXBuildFile; fileRef = 532F5420221AA31900B02FA4 /* GoogleService-Info.plist */; };
		5360335C22045FB600E7772B /* LoginVC.swift in Sources */ = {isa = PBXBuildFile; fileRef = 5360335B22045FB600E7772B /* LoginVC.swift */; };
		536033602204664A00E7772B /* HomeTableViewCell.swift in Sources */ = {isa = PBXBuildFile; fileRef = 5360335F2204664A00E7772B /* HomeTableViewCell.swift */; };
		5360336322046D8800E7772B /* HomeVC.swift in Sources */ = {isa = PBXBuildFile; fileRef = 5360336222046D8800E7772B /* HomeVC.swift */; };
		53603365220479F500E7772B /* Model.swift in Sources */ = {isa = PBXBuildFile; fileRef = 53603364220479F500E7772B /* Model.swift */; };
		5360336722047CB700E7772B /* PreloginVC.swift in Sources */ = {isa = PBXBuildFile; fileRef = 5360336622047CB700E7772B /* PreloginVC.swift */; };
		536033692204899200E7772B /* FamilyVC.swift in Sources */ = {isa = PBXBuildFile; fileRef = 536033682204899200E7772B /* FamilyVC.swift */; };
		5360336B22048E5600E7772B /* FamilyDetailCollectionViewCell.swift in Sources */ = {isa = PBXBuildFile; fileRef = 5360336A22048E5600E7772B /* FamilyDetailCollectionViewCell.swift */; };
		53C2924B22116FEB00A17C2E /* CommitVC.swift in Sources */ = {isa = PBXBuildFile; fileRef = 53C2924A22116FEB00A17C2E /* CommitVC.swift */; };
		5D1D0AF12202DADD00868FCA /* DateModel.swift in Sources */ = {isa = PBXBuildFile; fileRef = 5D1D0AF02202DADD00868FCA /* DateModel.swift */; };
		5D1D0AFC2202FE0100868FCA /* CalendarVC.swift in Sources */ = {isa = PBXBuildFile; fileRef = 5D1D0AFB2202FE0100868FCA /* CalendarVC.swift */; };
		5D1D0B00220304C700868FCA /* CalendarCollectionViewCell.swift in Sources */ = {isa = PBXBuildFile; fileRef = 5D1D0AFF220304C700868FCA /* CalendarCollectionViewCell.swift */; };
		5D1D0B032203064600868FCA /* CalendarTableViewCell.swift in Sources */ = {isa = PBXBuildFile; fileRef = 5D1D0B022203064600868FCA /* CalendarTableViewCell.swift */; };
		5D22C8322201732A0058A00B /* AppDelegate.swift in Sources */ = {isa = PBXBuildFile; fileRef = 5D22C8312201732A0058A00B /* AppDelegate.swift */; };
		5D22C8372201732A0058A00B /* Main.storyboard in Resources */ = {isa = PBXBuildFile; fileRef = 5D22C8352201732A0058A00B /* Main.storyboard */; };
		5D22C83C2201732B0058A00B /* Assets.xcassets in Resources */ = {isa = PBXBuildFile; fileRef = 5D22C83B2201732B0058A00B /* Assets.xcassets */; };
		5D22C83F2201732B0058A00B /* LaunchScreen.storyboard in Resources */ = {isa = PBXBuildFile; fileRef = 5D22C83D2201732B0058A00B /* LaunchScreen.storyboard */; };
		5D22C84722017E870058A00B /* UserManagement.storyboard in Resources */ = {isa = PBXBuildFile; fileRef = 5D22C84622017E870058A00B /* UserManagement.storyboard */; };
		5D22C84A220182E00058A00B /* SF Pro in Resources */ = {isa = PBXBuildFile; fileRef = 5D22C849220182E00058A00B /* SF Pro */; };
		5D22C84C2201934D0058A00B /* Feature.storyboard in Resources */ = {isa = PBXBuildFile; fileRef = 5D22C84B2201934D0058A00B /* Feature.storyboard */; };
		5D22C84E2201A3CF0058A00B /* Family.storyboard in Resources */ = {isa = PBXBuildFile; fileRef = 5D22C84D2201A3CF0058A00B /* Family.storyboard */; };
		5D70F1B5221D04DC00ECF009 /* Extension.swift in Sources */ = {isa = PBXBuildFile; fileRef = 5D70F1B4221D04DC00ECF009 /* Extension.swift */; };
		5D70F1D8221E723400ECF009 /* SkeletonView.swift in Sources */ = {isa = PBXBuildFile; fileRef = 5D70F1D7221E723400ECF009 /* SkeletonView.swift */; };
		5DD7D9AE2207F9B30026A235 /* MatchDateTableViewCell.swift in Sources */ = {isa = PBXBuildFile; fileRef = 5DD7D9AD2207F9B30026A235 /* MatchDateTableViewCell.swift */; };
		5DD7D9B02207F9CB0026A235 /* MatchDateInTableViewCellCollectionViewCell.swift in Sources */ = {isa = PBXBuildFile; fileRef = 5DD7D9AF2207F9CB0026A235 /* MatchDateInTableViewCellCollectionViewCell.swift */; };
		BE0FA3592212ED140005AE2F /* ImageService.swift in Sources */ = {isa = PBXBuildFile; fileRef = BE0FA3582212ED140005AE2F /* ImageService.swift */; };
		BEBE3C152215591B00E99502 /* SendInvitationVC.swift in Sources */ = {isa = PBXBuildFile; fileRef = BEBE3C142215591B00E99502 /* SendInvitationVC.swift */; };
		BEBE3C1722156B4800E99502 /* AddNewFamilyViewCell.swift in Sources */ = {isa = PBXBuildFile; fileRef = BEBE3C1622156B4800E99502 /* AddNewFamilyViewCell.swift */; };
		BEF4184B220C5D430098285D /* DataFetcher.swift in Sources */ = {isa = PBXBuildFile; fileRef = BEF4184A220C5D430098285D /* DataFetcher.swift */; };
/* End PBXBuildFile section */

/* Begin PBXFileReference section */
		52DEED736D2B827AD474E573 /* Pods-Fameet.debug.xcconfig */ = {isa = PBXFileReference; includeInIndex = 1; lastKnownFileType = text.xcconfig; name = "Pods-Fameet.debug.xcconfig"; path = "Pods/Target Support Files/Pods-Fameet/Pods-Fameet.debug.xcconfig"; sourceTree = "<group>"; };
		532F54102215A53D00B02FA4 /* UserProfileVC.swift */ = {isa = PBXFileReference; lastKnownFileType = sourcecode.swift; path = UserProfileVC.swift; sourceTree = "<group>"; };
		532F54162216B95700B02FA4 /* SignUpVC.swift */ = {isa = PBXFileReference; lastKnownFileType = sourcecode.swift; path = SignUpVC.swift; sourceTree = "<group>"; };
		532F54182216F2BB00B02FA4 /* NotificationVC.swift */ = {isa = PBXFileReference; lastKnownFileType = sourcecode.swift; path = NotificationVC.swift; sourceTree = "<group>"; };
		532F541A2216F4B700B02FA4 /* Author Credits */ = {isa = PBXFileReference; lastKnownFileType = text; path = "Author Credits"; sourceTree = "<group>"; };
		532F5420221AA31900B02FA4 /* GoogleService-Info.plist */ = {isa = PBXFileReference; fileEncoding = 4; lastKnownFileType = text.plist.xml; path = "GoogleService-Info.plist"; sourceTree = "<group>"; };
		5360335B22045FB600E7772B /* LoginVC.swift */ = {isa = PBXFileReference; fileEncoding = 4; lastKnownFileType = sourcecode.swift; path = LoginVC.swift; sourceTree = "<group>"; };
		5360335F2204664A00E7772B /* HomeTableViewCell.swift */ = {isa = PBXFileReference; lastKnownFileType = sourcecode.swift; path = HomeTableViewCell.swift; sourceTree = "<group>"; };
		5360336222046D8800E7772B /* HomeVC.swift */ = {isa = PBXFileReference; fileEncoding = 4; lastKnownFileType = sourcecode.swift; path = HomeVC.swift; sourceTree = "<group>"; };
		53603364220479F500E7772B /* Model.swift */ = {isa = PBXFileReference; fileEncoding = 4; lastKnownFileType = sourcecode.swift; path = Model.swift; sourceTree = "<group>"; };
		5360336622047CB700E7772B /* PreloginVC.swift */ = {isa = PBXFileReference; lastKnownFileType = sourcecode.swift; path = PreloginVC.swift; sourceTree = "<group>"; };
		536033682204899200E7772B /* FamilyVC.swift */ = {isa = PBXFileReference; fileEncoding = 4; lastKnownFileType = sourcecode.swift; path = FamilyVC.swift; sourceTree = "<group>"; };
		5360336A22048E5600E7772B /* FamilyDetailCollectionViewCell.swift */ = {isa = PBXFileReference; lastKnownFileType = sourcecode.swift; path = FamilyDetailCollectionViewCell.swift; sourceTree = "<group>"; };
		53C2924A22116FEB00A17C2E /* CommitVC.swift */ = {isa = PBXFileReference; lastKnownFileType = sourcecode.swift; path = CommitVC.swift; sourceTree = "<group>"; };
		5A2C865C8F0FB3054E78F110 /* Pods_Fameet.framework */ = {isa = PBXFileReference; explicitFileType = wrapper.framework; includeInIndex = 0; path = Pods_Fameet.framework; sourceTree = BUILT_PRODUCTS_DIR; };
		5D1D0AF02202DADD00868FCA /* DateModel.swift */ = {isa = PBXFileReference; lastKnownFileType = sourcecode.swift; path = DateModel.swift; sourceTree = "<group>"; };
		5D1D0AFB2202FE0100868FCA /* CalendarVC.swift */ = {isa = PBXFileReference; lastKnownFileType = sourcecode.swift; path = CalendarVC.swift; sourceTree = "<group>"; };
		5D1D0AFF220304C700868FCA /* CalendarCollectionViewCell.swift */ = {isa = PBXFileReference; lastKnownFileType = sourcecode.swift; path = CalendarCollectionViewCell.swift; sourceTree = "<group>"; };
		5D1D0B022203064600868FCA /* CalendarTableViewCell.swift */ = {isa = PBXFileReference; lastKnownFileType = sourcecode.swift; path = CalendarTableViewCell.swift; sourceTree = "<group>"; };
		5D22C82E2201732A0058A00B /* Fameet.app */ = {isa = PBXFileReference; explicitFileType = wrapper.application; includeInIndex = 0; path = Fameet.app; sourceTree = BUILT_PRODUCTS_DIR; };
		5D22C8312201732A0058A00B /* AppDelegate.swift */ = {isa = PBXFileReference; lastKnownFileType = sourcecode.swift; path = AppDelegate.swift; sourceTree = "<group>"; };
		5D22C8362201732A0058A00B /* Base */ = {isa = PBXFileReference; lastKnownFileType = file.storyboard; name = Base; path = Base.lproj/Main.storyboard; sourceTree = "<group>"; };
		5D22C83B2201732B0058A00B /* Assets.xcassets */ = {isa = PBXFileReference; lastKnownFileType = folder.assetcatalog; path = Assets.xcassets; sourceTree = "<group>"; };
		5D22C83E2201732B0058A00B /* Base */ = {isa = PBXFileReference; lastKnownFileType = file.storyboard; name = Base; path = Base.lproj/LaunchScreen.storyboard; sourceTree = "<group>"; };
		5D22C8402201732B0058A00B /* Info.plist */ = {isa = PBXFileReference; lastKnownFileType = text.plist.xml; path = Info.plist; sourceTree = "<group>"; };
		5D22C84622017E870058A00B /* UserManagement.storyboard */ = {isa = PBXFileReference; lastKnownFileType = file.storyboard; path = UserManagement.storyboard; sourceTree = "<group>"; };
		5D22C849220182E00058A00B /* SF Pro */ = {isa = PBXFileReference; lastKnownFileType = folder; path = "SF Pro"; sourceTree = "<group>"; };
		5D22C84B2201934D0058A00B /* Feature.storyboard */ = {isa = PBXFileReference; lastKnownFileType = file.storyboard; path = Feature.storyboard; sourceTree = "<group>"; };
		5D22C84D2201A3CF0058A00B /* Family.storyboard */ = {isa = PBXFileReference; lastKnownFileType = file.storyboard; path = Family.storyboard; sourceTree = "<group>"; };
		5D70F1B4221D04DC00ECF009 /* Extension.swift */ = {isa = PBXFileReference; fileEncoding = 4; lastKnownFileType = sourcecode.swift; path = Extension.swift; sourceTree = "<group>"; };
		5D70F1D7221E723400ECF009 /* SkeletonView.swift */ = {isa = PBXFileReference; lastKnownFileType = sourcecode.swift; path = SkeletonView.swift; sourceTree = "<group>"; };
		5DD7D9AD2207F9B30026A235 /* MatchDateTableViewCell.swift */ = {isa = PBXFileReference; lastKnownFileType = sourcecode.swift; path = MatchDateTableViewCell.swift; sourceTree = "<group>"; };
		5DD7D9AF2207F9CB0026A235 /* MatchDateInTableViewCellCollectionViewCell.swift */ = {isa = PBXFileReference; lastKnownFileType = sourcecode.swift; path = MatchDateInTableViewCellCollectionViewCell.swift; sourceTree = "<group>"; };
		BE0FA3582212ED140005AE2F /* ImageService.swift */ = {isa = PBXFileReference; lastKnownFileType = sourcecode.swift; path = ImageService.swift; sourceTree = "<group>"; };
		BEBE3C142215591B00E99502 /* SendInvitationVC.swift */ = {isa = PBXFileReference; lastKnownFileType = sourcecode.swift; path = SendInvitationVC.swift; sourceTree = "<group>"; };
		BEBE3C1622156B4800E99502 /* AddNewFamilyViewCell.swift */ = {isa = PBXFileReference; lastKnownFileType = sourcecode.swift; path = AddNewFamilyViewCell.swift; sourceTree = "<group>"; };
		BEF4184A220C5D430098285D /* DataFetcher.swift */ = {isa = PBXFileReference; lastKnownFileType = sourcecode.swift; path = DataFetcher.swift; sourceTree = "<group>"; };
		F5505F4D32F30EAEBDB6D882 /* Pods-Fameet.release.xcconfig */ = {isa = PBXFileReference; includeInIndex = 1; lastKnownFileType = text.xcconfig; name = "Pods-Fameet.release.xcconfig"; path = "Pods/Target Support Files/Pods-Fameet/Pods-Fameet.release.xcconfig"; sourceTree = "<group>"; };
/* End PBXFileReference section */

/* Begin PBXFrameworksBuildPhase section */
		5D22C82B2201732A0058A00B /* Frameworks */ = {
			isa = PBXFrameworksBuildPhase;
			buildActionMask = 2147483647;
			files = (
				106C3EE2738119B6A43007C5 /* Pods_Fameet.framework in Frameworks */,
			);
			runOnlyForDeploymentPostprocessing = 0;
		};
/* End PBXFrameworksBuildPhase section */

/* Begin PBXGroup section */
		536033612204665000E7772B /* Cell Controller */ = {
			isa = PBXGroup;
			children = (
				5D1D0AFF220304C700868FCA /* CalendarCollectionViewCell.swift */,
				5D1D0B022203064600868FCA /* CalendarTableViewCell.swift */,
				5360335F2204664A00E7772B /* HomeTableViewCell.swift */,
				5360336A22048E5600E7772B /* FamilyDetailCollectionViewCell.swift */,
				5DD7D9AD2207F9B30026A235 /* MatchDateTableViewCell.swift */,
				5DD7D9AF2207F9CB0026A235 /* MatchDateInTableViewCellCollectionViewCell.swift */,
				BEBE3C1622156B4800E99502 /* AddNewFamilyViewCell.swift */,
			);
			path = "Cell Controller";
			sourceTree = "<group>";
		};
		5D1D0AFD2202FE0E00868FCA /* Model */ = {
			isa = PBXGroup;
			children = (
				5D1D0AF02202DADD00868FCA /* DateModel.swift */,
				BE0FA3582212ED140005AE2F /* ImageService.swift */,
				53603364220479F500E7772B /* Model.swift */,
				BEF4184A220C5D430098285D /* DataFetcher.swift */,
				5D70F1B4221D04DC00ECF009 /* Extension.swift */,
				5D70F1D7221E723400ECF009 /* SkeletonView.swift */,
			);
			path = Model;
			sourceTree = "<group>";
		};
		5D1D0AFE2202FE1700868FCA /* Controller */ = {
			isa = PBXGroup;
			children = (
				5360336622047CB700E7772B /* PreloginVC.swift */,
				532F54162216B95700B02FA4 /* SignUpVC.swift */,
				5360335B22045FB600E7772B /* LoginVC.swift */,
				5360336222046D8800E7772B /* HomeVC.swift */,
				532F54182216F2BB00B02FA4 /* NotificationVC.swift */,
				532F54102215A53D00B02FA4 /* UserProfileVC.swift */,
				BEBE3C142215591B00E99502 /* SendInvitationVC.swift */,
				536033682204899200E7772B /* FamilyVC.swift */,
				5D1D0AFB2202FE0100868FCA /* CalendarVC.swift */,
				53C2924A22116FEB00A17C2E /* CommitVC.swift */,
			);
			path = Controller;
			sourceTree = "<group>";
		};
		5D22C8252201732A0058A00B = {
			isa = PBXGroup;
			children = (
				5D22C8302201732A0058A00B /* Fameet */,
				5D22C82F2201732A0058A00B /* Products */,
				EED067D058BC9B4E2BC1926C /* Pods */,
				8261DE18422634429B162A91 /* Frameworks */,
			);
			sourceTree = "<group>";
		};
		5D22C82F2201732A0058A00B /* Products */ = {
			isa = PBXGroup;
			children = (
				5D22C82E2201732A0058A00B /* Fameet.app */,
			);
			name = Products;
			sourceTree = "<group>";
		};
		5D22C8302201732A0058A00B /* Fameet */ = {
			isa = PBXGroup;
			children = (
				5D22C848220182CE0058A00B /* Font Collection */,
				5D1D0AFD2202FE0E00868FCA /* Model */,
				5D22C84F2202D6220058A00B /* View */,
				5D1D0AFE2202FE1700868FCA /* Controller */,
				536033612204665000E7772B /* Cell Controller */,
				5D22C8352201732A0058A00B /* Main.storyboard */,
				5D22C8312201732A0058A00B /* AppDelegate.swift */,
				5D22C83B2201732B0058A00B /* Assets.xcassets */,
				5D22C83D2201732B0058A00B /* LaunchScreen.storyboard */,
				5D22C8402201732B0058A00B /* Info.plist */,
				532F5420221AA31900B02FA4 /* GoogleService-Info.plist */,
				532F541A2216F4B700B02FA4 /* Author Credits */,
			);
			path = Fameet;
			sourceTree = "<group>";
		};
		5D22C848220182CE0058A00B /* Font Collection */ = {
			isa = PBXGroup;
			children = (
				5D22C849220182E00058A00B /* SF Pro */,
			);
			path = "Font Collection";
			sourceTree = "<group>";
		};
		5D22C84F2202D6220058A00B /* View */ = {
			isa = PBXGroup;
			children = (
				5D22C84622017E870058A00B /* UserManagement.storyboard */,
				5D22C84B2201934D0058A00B /* Feature.storyboard */,
				5D22C84D2201A3CF0058A00B /* Family.storyboard */,
			);
			path = View;
			sourceTree = "<group>";
		};
		8261DE18422634429B162A91 /* Frameworks */ = {
			isa = PBXGroup;
			children = (
				5A2C865C8F0FB3054E78F110 /* Pods_Fameet.framework */,
			);
			name = Frameworks;
			sourceTree = "<group>";
		};
		EED067D058BC9B4E2BC1926C /* Pods */ = {
			isa = PBXGroup;
			children = (
				52DEED736D2B827AD474E573 /* Pods-Fameet.debug.xcconfig */,
				F5505F4D32F30EAEBDB6D882 /* Pods-Fameet.release.xcconfig */,
			);
			name = Pods;
			sourceTree = "<group>";
		};
/* End PBXGroup section */

/* Begin PBXNativeTarget section */
		5D22C82D2201732A0058A00B /* Fameet */ = {
			isa = PBXNativeTarget;
			buildConfigurationList = 5D22C8432201732B0058A00B /* Build configuration list for PBXNativeTarget "Fameet" */;
			buildPhases = (
				3B15AD25389236F1D04AC304 /* [CP] Check Pods Manifest.lock */,
				5D22C82A2201732A0058A00B /* Sources */,
				5D22C82B2201732A0058A00B /* Frameworks */,
				5D22C82C2201732A0058A00B /* Resources */,
				5BBF01E6052C51B90EFE1E17 /* [CP] Embed Pods Frameworks */,
				5775DFC748F08B7B5EC27940 /* [CP] Copy Pods Resources */,
			);
			buildRules = (
			);
			dependencies = (
			);
			name = Fameet;
			productName = FinalChallengeVessel;
			productReference = 5D22C82E2201732A0058A00B /* Fameet.app */;
			productType = "com.apple.product-type.application";
		};
/* End PBXNativeTarget section */

/* Begin PBXProject section */
		5D22C8262201732A0058A00B /* Project object */ = {
			isa = PBXProject;
			attributes = {
				LastSwiftUpdateCheck = 1000;
				LastUpgradeCheck = 1000;
				ORGANIZATIONNAME = Terretino;
				TargetAttributes = {
					5D22C82D2201732A0058A00B = {
						CreatedOnToolsVersion = 10.0;
					};
				};
			};
			buildConfigurationList = 5D22C8292201732A0058A00B /* Build configuration list for PBXProject "Fameet" */;
			compatibilityVersion = "Xcode 9.3";
			developmentRegion = en;
			hasScannedForEncodings = 0;
			knownRegions = (
				en,
				Base,
			);
			mainGroup = 5D22C8252201732A0058A00B;
			productRefGroup = 5D22C82F2201732A0058A00B /* Products */;
			projectDirPath = "";
			projectRoot = "";
			targets = (
				5D22C82D2201732A0058A00B /* Fameet */,
			);
		};
/* End PBXProject section */

/* Begin PBXResourcesBuildPhase section */
		5D22C82C2201732A0058A00B /* Resources */ = {
			isa = PBXResourcesBuildPhase;
			buildActionMask = 2147483647;
			files = (
				532F5421221AA31900B02FA4 /* GoogleService-Info.plist in Resources */,
				5D22C84A220182E00058A00B /* SF Pro in Resources */,
				5D22C83F2201732B0058A00B /* LaunchScreen.storyboard in Resources */,
				5D22C83C2201732B0058A00B /* Assets.xcassets in Resources */,
				5D22C84E2201A3CF0058A00B /* Family.storyboard in Resources */,
				5D22C8372201732A0058A00B /* Main.storyboard in Resources */,
				5D22C84722017E870058A00B /* UserManagement.storyboard in Resources */,
				5D22C84C2201934D0058A00B /* Feature.storyboard in Resources */,
				532F541B2216F4B700B02FA4 /* Author Credits in Resources */,
			);
			runOnlyForDeploymentPostprocessing = 0;
		};
/* End PBXResourcesBuildPhase section */

/* Begin PBXShellScriptBuildPhase section */
		3B15AD25389236F1D04AC304 /* [CP] Check Pods Manifest.lock */ = {
			isa = PBXShellScriptBuildPhase;
			buildActionMask = 2147483647;
			files = (
			);
			inputPaths = (
				"${PODS_PODFILE_DIR_PATH}/Podfile.lock",
				"${PODS_ROOT}/Manifest.lock",
			);
			name = "[CP] Check Pods Manifest.lock";
			outputPaths = (
				"$(DERIVED_FILE_DIR)/Pods-Fameet-checkManifestLockResult.txt",
			);
			runOnlyForDeploymentPostprocessing = 0;
			shellPath = /bin/sh;
			shellScript = "diff \"${PODS_PODFILE_DIR_PATH}/Podfile.lock\" \"${PODS_ROOT}/Manifest.lock\" > /dev/null\nif [ $? != 0 ] ; then\n    # print error to STDERR\n    echo \"error: The sandbox is not in sync with the Podfile.lock. Run 'pod install' or update your CocoaPods installation.\" >&2\n    exit 1\nfi\n# This output is used by Xcode 'outputs' to avoid re-running this script phase.\necho \"SUCCESS\" > \"${SCRIPT_OUTPUT_FILE_0}\"\n";
			showEnvVarsInLog = 0;
		};
		5775DFC748F08B7B5EC27940 /* [CP] Copy Pods Resources */ = {
			isa = PBXShellScriptBuildPhase;
			buildActionMask = 2147483647;
			files = (
			);
			inputPaths = (
				"${SRCROOT}/Pods/Target Support Files/Pods-Fameet/Pods-Fameet-resources.sh",
				"${PODS_CONFIGURATION_BUILD_DIR}/FirebaseFirestore/gRPCCertificates-Firestore.bundle",
				"${PODS_ROOT}/GoogleSignIn/Resources/GoogleSignIn.bundle",
			);
			name = "[CP] Copy Pods Resources";
			outputPaths = (
				"${TARGET_BUILD_DIR}/${UNLOCALIZED_RESOURCES_FOLDER_PATH}/gRPCCertificates-Firestore.bundle",
				"${TARGET_BUILD_DIR}/${UNLOCALIZED_RESOURCES_FOLDER_PATH}/GoogleSignIn.bundle",
			);
			runOnlyForDeploymentPostprocessing = 0;
			shellPath = /bin/sh;
			shellScript = "\"${SRCROOT}/Pods/Target Support Files/Pods-Fameet/Pods-Fameet-resources.sh\"\n";
			showEnvVarsInLog = 0;
		};
		5BBF01E6052C51B90EFE1E17 /* [CP] Embed Pods Frameworks */ = {
			isa = PBXShellScriptBuildPhase;
			buildActionMask = 2147483647;
			files = (
			);
			inputPaths = (
				"${SRCROOT}/Pods/Target Support Files/Pods-Fameet/Pods-Fameet-frameworks.sh",
				"${BUILT_PRODUCTS_DIR}/BoringSSL/openssl.framework",
				"${BUILT_PRODUCTS_DIR}/GTMSessionFetcher/GTMSessionFetcher.framework",
				"${BUILT_PRODUCTS_DIR}/GoogleToolboxForMac/GoogleToolboxForMac.framework",
				"${BUILT_PRODUCTS_DIR}/GoogleUtilities/GoogleUtilities.framework",
				"${BUILT_PRODUCTS_DIR}/Protobuf/Protobuf.framework",
				"${BUILT_PRODUCTS_DIR}/SDWebImage/SDWebImage.framework",
				"${BUILT_PRODUCTS_DIR}/gRPC-C++/grpcpp.framework",
				"${BUILT_PRODUCTS_DIR}/gRPC-Core/grpc.framework",
				"${BUILT_PRODUCTS_DIR}/leveldb-library/leveldb.framework",
				"${BUILT_PRODUCTS_DIR}/nanopb/nanopb.framework",
			);
			name = "[CP] Embed Pods Frameworks";
			outputPaths = (
				"${TARGET_BUILD_DIR}/${FRAMEWORKS_FOLDER_PATH}/openssl.framework",
				"${TARGET_BUILD_DIR}/${FRAMEWORKS_FOLDER_PATH}/GTMSessionFetcher.framework",
				"${TARGET_BUILD_DIR}/${FRAMEWORKS_FOLDER_PATH}/GoogleToolboxForMac.framework",
				"${TARGET_BUILD_DIR}/${FRAMEWORKS_FOLDER_PATH}/GoogleUtilities.framework",
				"${TARGET_BUILD_DIR}/${FRAMEWORKS_FOLDER_PATH}/Protobuf.framework",
				"${TARGET_BUILD_DIR}/${FRAMEWORKS_FOLDER_PATH}/SDWebImage.framework",
				"${TARGET_BUILD_DIR}/${FRAMEWORKS_FOLDER_PATH}/grpcpp.framework",
				"${TARGET_BUILD_DIR}/${FRAMEWORKS_FOLDER_PATH}/grpc.framework",
				"${TARGET_BUILD_DIR}/${FRAMEWORKS_FOLDER_PATH}/leveldb.framework",
				"${TARGET_BUILD_DIR}/${FRAMEWORKS_FOLDER_PATH}/nanopb.framework",
			);
			runOnlyForDeploymentPostprocessing = 0;
			shellPath = /bin/sh;
			shellScript = "\"${SRCROOT}/Pods/Target Support Files/Pods-Fameet/Pods-Fameet-frameworks.sh\"\n";
			showEnvVarsInLog = 0;
		};
/* End PBXShellScriptBuildPhase section */

/* Begin PBXSourcesBuildPhase section */
		5D22C82A2201732A0058A00B /* Sources */ = {
			isa = PBXSourcesBuildPhase;
			buildActionMask = 2147483647;
			files = (
				536033692204899200E7772B /* FamilyVC.swift in Sources */,
				BEF4184B220C5D430098285D /* DataFetcher.swift in Sources */,
				532F54112215A53D00B02FA4 /* UserProfileVC.swift in Sources */,
				5D1D0B00220304C700868FCA /* CalendarCollectionViewCell.swift in Sources */,
				5360336322046D8800E7772B /* HomeVC.swift in Sources */,
				5D1D0AFC2202FE0100868FCA /* CalendarVC.swift in Sources */,
				5D70F1D8221E723400ECF009 /* SkeletonView.swift in Sources */,
				53C2924B22116FEB00A17C2E /* CommitVC.swift in Sources */,
				532F54192216F2BB00B02FA4 /* NotificationVC.swift in Sources */,
				BEBE3C152215591B00E99502 /* SendInvitationVC.swift in Sources */,
				5DD7D9AE2207F9B30026A235 /* MatchDateTableViewCell.swift in Sources */,
				5360336B22048E5600E7772B /* FamilyDetailCollectionViewCell.swift in Sources */,
				5360335C22045FB600E7772B /* LoginVC.swift in Sources */,
				5D1D0B032203064600868FCA /* CalendarTableViewCell.swift in Sources */,
				532F54172216B95700B02FA4 /* SignUpVC.swift in Sources */,
				5D1D0AF12202DADD00868FCA /* DateModel.swift in Sources */,
				5D70F1B5221D04DC00ECF009 /* Extension.swift in Sources */,
				BE0FA3592212ED140005AE2F /* ImageService.swift in Sources */,
				536033602204664A00E7772B /* HomeTableViewCell.swift in Sources */,
				5360336722047CB700E7772B /* PreloginVC.swift in Sources */,
				53603365220479F500E7772B /* Model.swift in Sources */,
				5DD7D9B02207F9CB0026A235 /* MatchDateInTableViewCellCollectionViewCell.swift in Sources */,
				BEBE3C1722156B4800E99502 /* AddNewFamilyViewCell.swift in Sources */,
				5D22C8322201732A0058A00B /* AppDelegate.swift in Sources */,
			);
			runOnlyForDeploymentPostprocessing = 0;
		};
/* End PBXSourcesBuildPhase section */

/* Begin PBXVariantGroup section */
		5D22C8352201732A0058A00B /* Main.storyboard */ = {
			isa = PBXVariantGroup;
			children = (
				5D22C8362201732A0058A00B /* Base */,
			);
			name = Main.storyboard;
			sourceTree = "<group>";
		};
		5D22C83D2201732B0058A00B /* LaunchScreen.storyboard */ = {
			isa = PBXVariantGroup;
			children = (
				5D22C83E2201732B0058A00B /* Base */,
			);
			name = LaunchScreen.storyboard;
			sourceTree = "<group>";
		};
/* End PBXVariantGroup section */

/* Begin XCBuildConfiguration section */
		5D22C8412201732B0058A00B /* Debug */ = {
			isa = XCBuildConfiguration;
			buildSettings = {
				ALWAYS_SEARCH_USER_PATHS = NO;
				CLANG_ANALYZER_NONNULL = YES;
				CLANG_ANALYZER_NUMBER_OBJECT_CONVERSION = YES_AGGRESSIVE;
				CLANG_CXX_LANGUAGE_STANDARD = "gnu++14";
				CLANG_CXX_LIBRARY = "libc++";
				CLANG_ENABLE_MODULES = YES;
				CLANG_ENABLE_OBJC_ARC = YES;
				CLANG_ENABLE_OBJC_WEAK = YES;
				CLANG_WARN_BLOCK_CAPTURE_AUTORELEASING = YES;
				CLANG_WARN_BOOL_CONVERSION = YES;
				CLANG_WARN_COMMA = YES;
				CLANG_WARN_CONSTANT_CONVERSION = YES;
				CLANG_WARN_DEPRECATED_OBJC_IMPLEMENTATIONS = YES;
				CLANG_WARN_DIRECT_OBJC_ISA_USAGE = YES_ERROR;
				CLANG_WARN_DOCUMENTATION_COMMENTS = YES;
				CLANG_WARN_EMPTY_BODY = YES;
				CLANG_WARN_ENUM_CONVERSION = YES;
				CLANG_WARN_INFINITE_RECURSION = YES;
				CLANG_WARN_INT_CONVERSION = YES;
				CLANG_WARN_NON_LITERAL_NULL_CONVERSION = YES;
				CLANG_WARN_OBJC_IMPLICIT_RETAIN_SELF = YES;
				CLANG_WARN_OBJC_LITERAL_CONVERSION = YES;
				CLANG_WARN_OBJC_ROOT_CLASS = YES_ERROR;
				CLANG_WARN_RANGE_LOOP_ANALYSIS = YES;
				CLANG_WARN_STRICT_PROTOTYPES = YES;
				CLANG_WARN_SUSPICIOUS_MOVE = YES;
				CLANG_WARN_UNGUARDED_AVAILABILITY = YES_AGGRESSIVE;
				CLANG_WARN_UNREACHABLE_CODE = YES;
				CLANG_WARN__DUPLICATE_METHOD_MATCH = YES;
				CODE_SIGN_IDENTITY = "iPhone Developer";
				COPY_PHASE_STRIP = NO;
				DEBUG_INFORMATION_FORMAT = dwarf;
				ENABLE_STRICT_OBJC_MSGSEND = YES;
				ENABLE_TESTABILITY = YES;
				GCC_C_LANGUAGE_STANDARD = gnu11;
				GCC_DYNAMIC_NO_PIC = NO;
				GCC_NO_COMMON_BLOCKS = YES;
				GCC_OPTIMIZATION_LEVEL = 0;
				GCC_PREPROCESSOR_DEFINITIONS = (
					"DEBUG=1",
					"$(inherited)",
				);
				GCC_WARN_64_TO_32_BIT_CONVERSION = YES;
				GCC_WARN_ABOUT_RETURN_TYPE = YES_ERROR;
				GCC_WARN_UNDECLARED_SELECTOR = YES;
				GCC_WARN_UNINITIALIZED_AUTOS = YES_AGGRESSIVE;
				GCC_WARN_UNUSED_FUNCTION = YES;
				GCC_WARN_UNUSED_VARIABLE = YES;
				IPHONEOS_DEPLOYMENT_TARGET = 12.0;
				MTL_ENABLE_DEBUG_INFO = INCLUDE_SOURCE;
				MTL_FAST_MATH = YES;
				ONLY_ACTIVE_ARCH = YES;
				SDKROOT = iphoneos;
				SWIFT_ACTIVE_COMPILATION_CONDITIONS = DEBUG;
				SWIFT_OPTIMIZATION_LEVEL = "-Onone";
			};
			name = Debug;
		};
		5D22C8422201732B0058A00B /* Release */ = {
			isa = XCBuildConfiguration;
			buildSettings = {
				ALWAYS_SEARCH_USER_PATHS = NO;
				CLANG_ANALYZER_NONNULL = YES;
				CLANG_ANALYZER_NUMBER_OBJECT_CONVERSION = YES_AGGRESSIVE;
				CLANG_CXX_LANGUAGE_STANDARD = "gnu++14";
				CLANG_CXX_LIBRARY = "libc++";
				CLANG_ENABLE_MODULES = YES;
				CLANG_ENABLE_OBJC_ARC = YES;
				CLANG_ENABLE_OBJC_WEAK = YES;
				CLANG_WARN_BLOCK_CAPTURE_AUTORELEASING = YES;
				CLANG_WARN_BOOL_CONVERSION = YES;
				CLANG_WARN_COMMA = YES;
				CLANG_WARN_CONSTANT_CONVERSION = YES;
				CLANG_WARN_DEPRECATED_OBJC_IMPLEMENTATIONS = YES;
				CLANG_WARN_DIRECT_OBJC_ISA_USAGE = YES_ERROR;
				CLANG_WARN_DOCUMENTATION_COMMENTS = YES;
				CLANG_WARN_EMPTY_BODY = YES;
				CLANG_WARN_ENUM_CONVERSION = YES;
				CLANG_WARN_INFINITE_RECURSION = YES;
				CLANG_WARN_INT_CONVERSION = YES;
				CLANG_WARN_NON_LITERAL_NULL_CONVERSION = YES;
				CLANG_WARN_OBJC_IMPLICIT_RETAIN_SELF = YES;
				CLANG_WARN_OBJC_LITERAL_CONVERSION = YES;
				CLANG_WARN_OBJC_ROOT_CLASS = YES_ERROR;
				CLANG_WARN_RANGE_LOOP_ANALYSIS = YES;
				CLANG_WARN_STRICT_PROTOTYPES = YES;
				CLANG_WARN_SUSPICIOUS_MOVE = YES;
				CLANG_WARN_UNGUARDED_AVAILABILITY = YES_AGGRESSIVE;
				CLANG_WARN_UNREACHABLE_CODE = YES;
				CLANG_WARN__DUPLICATE_METHOD_MATCH = YES;
				CODE_SIGN_IDENTITY = "iPhone Developer";
				COPY_PHASE_STRIP = NO;
				DEBUG_INFORMATION_FORMAT = "dwarf-with-dsym";
				ENABLE_NS_ASSERTIONS = NO;
				ENABLE_STRICT_OBJC_MSGSEND = YES;
				GCC_C_LANGUAGE_STANDARD = gnu11;
				GCC_NO_COMMON_BLOCKS = YES;
				GCC_WARN_64_TO_32_BIT_CONVERSION = YES;
				GCC_WARN_ABOUT_RETURN_TYPE = YES_ERROR;
				GCC_WARN_UNDECLARED_SELECTOR = YES;
				GCC_WARN_UNINITIALIZED_AUTOS = YES_AGGRESSIVE;
				GCC_WARN_UNUSED_FUNCTION = YES;
				GCC_WARN_UNUSED_VARIABLE = YES;
				IPHONEOS_DEPLOYMENT_TARGET = 12.0;
				MTL_ENABLE_DEBUG_INFO = NO;
				MTL_FAST_MATH = YES;
				SDKROOT = iphoneos;
				SWIFT_COMPILATION_MODE = wholemodule;
				SWIFT_OPTIMIZATION_LEVEL = "-O";
				VALIDATE_PRODUCT = YES;
			};
			name = Release;
		};
		5D22C8442201732B0058A00B /* Debug */ = {
			isa = XCBuildConfiguration;
			baseConfigurationReference = 52DEED736D2B827AD474E573 /* Pods-Fameet.debug.xcconfig */;
			buildSettings = {
				ASSETCATALOG_COMPILER_APPICON_NAME = AppIcon;
				CODE_SIGN_IDENTITY = "iPhone Developer";
				CODE_SIGN_STYLE = Automatic;
				DEVELOPMENT_TEAM = M67TPRX895;
				INFOPLIST_FILE = "$(SRCROOT)/Fameet/Info.plist";
				LD_RUNPATH_SEARCH_PATHS = (
					"$(inherited)",
					"@executable_path/Frameworks",
				);
				PRODUCT_BUNDLE_IDENTIFIER = com.Ciel.fameet;
				PRODUCT_NAME = "$(TARGET_NAME)";
				PROVISIONING_PROFILE_SPECIFIER = "";
				SWIFT_VERSION = 4.2;
				TARGETED_DEVICE_FAMILY = "1,2";
			};
			name = Debug;
		};
		5D22C8452201732B0058A00B /* Release */ = {
			isa = XCBuildConfiguration;
			baseConfigurationReference = F5505F4D32F30EAEBDB6D882 /* Pods-Fameet.release.xcconfig */;
			buildSettings = {
				ASSETCATALOG_COMPILER_APPICON_NAME = AppIcon;
				CODE_SIGN_IDENTITY = "iPhone Developer";
				CODE_SIGN_STYLE = Automatic;
				DEVELOPMENT_TEAM = M67TPRX895;
				INFOPLIST_FILE = "$(SRCROOT)/Fameet/Info.plist";
				LD_RUNPATH_SEARCH_PATHS = (
					"$(inherited)",
					"@executable_path/Frameworks",
				);
				PRODUCT_BUNDLE_IDENTIFIER = com.Ciel.fameet;
				PRODUCT_NAME = "$(TARGET_NAME)";
				PROVISIONING_PROFILE_SPECIFIER = "";
				SWIFT_VERSION = 4.2;
				TARGETED_DEVICE_FAMILY = "1,2";
			};
			name = Release;
		};
/* End XCBuildConfiguration section */

/* Begin XCConfigurationList section */
		5D22C8292201732A0058A00B /* Build configuration list for PBXProject "Fameet" */ = {
			isa = XCConfigurationList;
			buildConfigurations = (
				5D22C8412201732B0058A00B /* Debug */,
				5D22C8422201732B0058A00B /* Release */,
			);
			defaultConfigurationIsVisible = 0;
			defaultConfigurationName = Release;
		};
		5D22C8432201732B0058A00B /* Build configuration list for PBXNativeTarget "Fameet" */ = {
			isa = XCConfigurationList;
			buildConfigurations = (
				5D22C8442201732B0058A00B /* Debug */,
				5D22C8452201732B0058A00B /* Release */,
			);
			defaultConfigurationIsVisible = 0;
			defaultConfigurationName = Release;
		};
/* End XCConfigurationList section */
	};
	rootObject = 5D22C8262201732A0058A00B /* Project object */;
}
